# THIS IS AN AUTOGENERATED FILE. DO NOT EDIT THIS FILE DIRECTLY.
# yarn lockfile v1


jquery@^3.6.0:
  version "3.6.0"
  resolved "https://registry.yarnpkg.com/jquery/-/jquery-3.6.0.tgz#c72a09f15c1bdce142f49dbf1170bdf8adac2470"
  integrity sha512-JVzAR/AjBvVt2BmYhxRCSYysDsPcssdmTFnzyLEts9qNwmjmu4JTAMYubEfwVOSwpQ1I1sKKFcxhZCI2buerfw==

mdb-ui-kit@^4.0.0:
  version "4.0.0"
  resolved "https://registry.yarnpkg.com/mdb-ui-kit/-/mdb-ui-kit-4.0.0.tgz#95042badf807196725edcb8d6d9f4030a7fc536d"
  integrity sha512-aJNTw1nitPhZyQ3gM+qdBiHbtfUFHQ2+1w4g2wZe6AdyAAp+771sKR7ETUK8h39VS9LiyZLR6GycT+IvT1M1fA==
